
Microsoft Visual Studio Solution File, Format Version 12.00
# Visual Studio 2012
Project("{262852C6-CD72-467D-83FE-5EEB1973A190}") = "pixel", "pixel.jsproj", "{FBF27E44-4DB9-4634-8D9C-E6FC0E70A48D}"
EndProject
Global
	GlobalSection(SolutionConfigurationPlatforms) = preSolution
		Debug|Any CPU = Debug|Any CPU
		Debug|ARM = Debug|ARM
		Debug|x64 = Debug|x64
		Debug|x86 = Debug|x86
		Release|Any CPU = Release|Any CPU
		Release|ARM = Release|ARM
		Release|x64 = Release|x64
		Release|x86 = Release|x86
	EndGlobalSection
	GlobalSection(ProjectConfigurationPlatforms) = postSolution
		{FBF27E44-4DB9-4634-8D9C-E6FC0E70A48D}.Debug|Any CPU.ActiveCfg = Debug|Any CPU
		{FBF27E44-4DB9-4634-8D9C-E6FC0E70A48D}.Debug|Any CPU.Build.0 = Debug|Any CPU
		{FBF27E44-4DB9-4634-8D9C-E6FC0E70A48D}.Debug|Any CPU.Deploy.0 = Debug|Any CPU
		{FBF27E44-4DB9-4634-8D9C-E6FC0E70A48D}.Debug|ARM.ActiveCfg = Debug|ARM
		{FBF27E44-4DB9-4634-8D9C-E6FC0E70A48D}.Debug|ARM.Build.0 = Debug|ARM
		{FBF27E44-4DB9-4634-8D9C-E6FC0E70A48D}.Debug|ARM.Deploy.0 = Debug|ARM
		{FBF27E44-4DB9-4634-8D9C-E6FC0E70A48D}.Debug|x64.ActiveCfg = Debug|x64
		{FBF27E44-4DB9-4634-8D9C-E6FC0E70A48D}.Debug|x64.Build.0 = Debug|x64
		{FBF27E44-4DB9-4634-8D9C-E6FC0E70A48D}.Debug|x64.Deploy.0 = Debug|x64
		{FBF27E44-4DB9-4634-8D9C-E6FC0E70A48D}.Debug|x86.ActiveCfg = Debug|x86
		{FBF27E44-4DB9-4634-8D9C-E6FC0E70A48D}.Debug|x86.Build.0 = Debug|x86
		{FBF27E44-4DB9-4634-8D9C-E6FC0E70A48D}.Debug|x86.Deploy.0 = Debug|x86
		{FBF27E44-4DB9-4634-8D9C-E6FC0E70A48D}.Release|Any CPU.ActiveCfg = Release|Any CPU
		{FBF27E44-4DB9-4634-8D9C-E6FC0E70A48D}.Release|Any CPU.Build.0 = Release|Any CPU
		{FBF27E44-4DB9-4634-8D9C-E6FC0E70A48D}.Release|Any CPU.Deploy.0 = Release|Any CPU
		{FBF27E44-4DB9-4634-8D9C-E6FC0E70A48D}.Release|ARM.ActiveCfg = Release|ARM
		{FBF27E44-4DB9-4634-8D9C-E6FC0E70A48D}.Release|ARM.Build.0 = Release|ARM
		{FBF27E44-4DB9-4634-8D9C-E6FC0E70A48D}.Release|ARM.Deploy.0 = Release|ARM
		{FBF27E44-4DB9-4634-8D9C-E6FC0E70A48D}.Release|x64.ActiveCfg = Release|x64
		{FBF27E44-4DB9-4634-8D9C-E6FC0E70A48D}.Release|x64.Build.0 = Release|x64
		{FBF27E44-4DB9-4634-8D9C-E6FC0E70A48D}.Release|x64.Deploy.0 = Release|x64
		{FBF27E44-4DB9-4634-8D9C-E6FC0E70A48D}.Release|x86.ActiveCfg = Release|x86
		{FBF27E44-4DB9-4634-8D9C-E6FC0E70A48D}.Release|x86.Build.0 = Release|x86
		{FBF27E44-4DB9-4634-8D9C-E6FC0E70A48D}.Release|x86.Deploy.0 = Release|x86
	EndGlobalSection
	GlobalSection(SolutionProperties) = preSolution
		HideSolutionNode = FALSE
	EndGlobalSection
EndGlobal
